Microsoft Visual Studio Solution File, Format Version 12.00
# Visual Studio 15
VisualStudioVersion = 15.0.27130.2024
MinimumVisualStudioVersion = 15.0.26124.0
Project("{2150E333-8FDC-42A3-9474-1A3956D46DE8}") = "src", "src", "{69E13CE0-3C92-4CE9-98E5-62521F8C406A}"
EndProject
Project("{9A19103F-16F7-4668-BE54-9A1E7A4F7556}") = "My.Extensions.Localization.ReportMissingKeys", "src\My.Extensions.Localization.ReportMissingKeys\My.Extensions.Localization.ReportMissingKeys.csproj", "{168C9581-07B2-4E90-B2F7-9407B60093ED}"
EndProject
Global
	GlobalSection(SolutionConfigurationPlatforms) = preSolution
		Debug|Any CPU = Debug|Any CPU
		Debug|x64 = Debug|x64
		Debug|x86 = Debug|x86
		Release|Any CPU = Release|Any CPU
		Release|x64 = Release|x64
		Release|x86 = Release|x86
	EndGlobalSection
	GlobalSection(ProjectConfigurationPlatforms) = postSolution
		{168C9581-07B2-4E90-B2F7-9407B60093ED}.Debug|Any CPU.ActiveCfg = Debug|Any CPU
		{168C9581-07B2-4E90-B2F7-9407B60093ED}.Debug|Any CPU.Build.0 = Debug|Any CPU
		{168C9581-07B2-4E90-B2F7-9407B60093ED}.Debug|x64.ActiveCfg = Debug|Any CPU
		{168C9581-07B2-4E90-B2F7-9407B60093ED}.Debug|x64.Build.0 = Debug|Any CPU
		{168C9581-07B2-4E90-B2F7-9407B60093ED}.Debug|x86.ActiveCfg = Debug|Any CPU
		{168C9581-07B2-4E90-B2F7-9407B60093ED}.Debug|x86.Build.0 = Debug|Any CPU
		{168C9581-07B2-4E90-B2F7-9407B60093ED}.Release|Any CPU.ActiveCfg = Release|Any CPU
		{168C9581-07B2-4E90-B2F7-9407B60093ED}.Release|Any CPU.Build.0 = Release|Any CPU
		{168C9581-07B2-4E90-B2F7-9407B60093ED}.Release|x64.ActiveCfg = Release|Any CPU
		{168C9581-07B2-4E90-B2F7-9407B60093ED}.Release|x64.Build.0 = Release|Any CPU
		{168C9581-07B2-4E90-B2F7-9407B60093ED}.Release|x86.ActiveCfg = Release|Any CPU
		{168C9581-07B2-4E90-B2F7-9407B60093ED}.Release|x86.Build.0 = Release|Any CPU
	EndGlobalSection
	GlobalSection(SolutionProperties) = preSolution
		HideSolutionNode = FALSE
	EndGlobalSection
	GlobalSection(NestedProjects) = preSolution
		{168C9581-07B2-4E90-B2F7-9407B60093ED} = {69E13CE0-3C92-4CE9-98E5-62521F8C406A}
	EndGlobalSection
	GlobalSection(ExtensibilityGlobals) = postSolution
		SolutionGuid = {5C4F8A64-C0EA-479A-B2DC-2987A1C0C66A}
	EndGlobalSection
EndGlobal
